// !$*UTF8*$!
{
	archiveVersion = 1;
	classes = {
	};
	objectVersion = 50;
	objects = {

/* Begin PBXBuildFile section */
		1771B7C3238C979F00C530BF /* AppDelegate.swift in Sources */ = {isa = PBXBuildFile; fileRef = 1771B7C2238C979F00C530BF /* AppDelegate.swift */; };
		1771B7C5238C979F00C530BF /* SceneDelegate.swift in Sources */ = {isa = PBXBuildFile; fileRef = 1771B7C4238C979F00C530BF /* SceneDelegate.swift */; };
		1771B7C7238C979F00C530BF /* ViewController.swift in Sources */ = {isa = PBXBuildFile; fileRef = 1771B7C6238C979F00C530BF /* ViewController.swift */; };
		1771B7CC238C97A100C530BF /* Assets.xcassets in Resources */ = {isa = PBXBuildFile; fileRef = 1771B7CB238C97A100C530BF /* Assets.xcassets */; };
		1771B7CF238C97A100C530BF /* LaunchScreen.storyboard in Resources */ = {isa = PBXBuildFile; fileRef = 1771B7CD238C97A100C530BF /* LaunchScreen.storyboard */; };
		1771B7D7238C9A7A00C530BF /* ViewControllerScreen.swift in Sources */ = {isa = PBXBuildFile; fileRef = 1771B7D6238C9A7A00C530BF /* ViewControllerScreen.swift */; };
		1771B7D9238CA07D00C530BF /* CodeView.swift in Sources */ = {isa = PBXBuildFile; fileRef = 1771B7D8238CA07D00C530BF /* CodeView.swift */; };
		1771B7DC238CA60700C530BF /* SnapKit.framework in Frameworks */ = {isa = PBXBuildFile; fileRef = 1771B7DB238CA60700C530BF /* SnapKit.framework */; };
		1771B7DD238CA60700C530BF /* SnapKit.framework in Embed Frameworks */ = {isa = PBXBuildFile; fileRef = 1771B7DB238CA60700C530BF /* SnapKit.framework */; settings = {ATTRIBUTES = (CodeSignOnCopy, RemoveHeadersOnCopy, ); }; };
		179702A3238D46B00098A8CE /* learn_viewcodeTests.swift in Sources */ = {isa = PBXBuildFile; fileRef = 179702A2238D46B00098A8CE /* learn_viewcodeTests.swift */; };
		179702AB238D47A20098A8CE /* FBSnapshotTestCase.framework in Frameworks */ = {isa = PBXBuildFile; fileRef = 1797028F238D45710098A8CE /* FBSnapshotTestCase.framework */; };
		179702AC238D47A20098A8CE /* Nimble_Snapshots.framework in Frameworks */ = {isa = PBXBuildFile; fileRef = 1797028E238D45710098A8CE /* Nimble_Snapshots.framework */; };
		179702AD238D47A20098A8CE /* Nimble.framework in Frameworks */ = {isa = PBXBuildFile; fileRef = 17970291238D45720098A8CE /* Nimble.framework */; };
		179702AE238D47A20098A8CE /* Quick.framework in Frameworks */ = {isa = PBXBuildFile; fileRef = 17970290238D45710098A8CE /* Quick.framework */; };
		179702B0238D47E40098A8CE /* GridBoxView.swift in Sources */ = {isa = PBXBuildFile; fileRef = 179702AF238D47E40098A8CE /* GridBoxView.swift */; };
		179702B2238D48AA0098A8CE /* GridBoxViewSpec.swift in Sources */ = {isa = PBXBuildFile; fileRef = 179702B1238D48AA0098A8CE /* GridBoxViewSpec.swift */; };
		179702B5238D4BFF0098A8CE /* ViewControllerScreenSpec.swift in Sources */ = {isa = PBXBuildFile; fileRef = 179702B4238D4BFF0098A8CE /* ViewControllerScreenSpec.swift */; };
/* End PBXBuildFile section */

/* Begin PBXContainerItemProxy section */
		179702A5238D46B00098A8CE /* PBXContainerItemProxy */ = {
			isa = PBXContainerItemProxy;
			containerPortal = 1771B7B7238C979F00C530BF /* Project object */;
			proxyType = 1;
			remoteGlobalIDString = 1771B7BE238C979F00C530BF;
			remoteInfo = "learn-viewcode";
		};
/* End PBXContainerItemProxy section */

/* Begin PBXCopyFilesBuildPhase section */
		1771B7DE238CA60700C530BF /* Embed Frameworks */ = {
			isa = PBXCopyFilesBuildPhase;
			buildActionMask = 2147483647;
			dstPath = "";
			dstSubfolderSpec = 10;
			files = (
				1771B7DD238CA60700C530BF /* SnapKit.framework in Embed Frameworks */,
			);
			name = "Embed Frameworks";
			runOnlyForDeploymentPostprocessing = 0;
		};
/* End PBXCopyFilesBuildPhase section */

/* Begin PBXFileReference section */
		1771B7BF238C979F00C530BF /* learn-viewcode.app */ = {isa = PBXFileReference; explicitFileType = wrapper.application; includeInIndex = 0; path = "learn-viewcode.app"; sourceTree = BUILT_PRODUCTS_DIR; };
		1771B7C2238C979F00C530BF /* AppDelegate.swift */ = {isa = PBXFileReference; lastKnownFileType = sourcecode.swift; path = AppDelegate.swift; sourceTree = "<group>"; };
		1771B7C4238C979F00C530BF /* SceneDelegate.swift */ = {isa = PBXFileReference; lastKnownFileType = sourcecode.swift; path = SceneDelegate.swift; sourceTree = "<group>"; };
		1771B7C6238C979F00C530BF /* ViewController.swift */ = {isa = PBXFileReference; lastKnownFileType = sourcecode.swift; path = ViewController.swift; sourceTree = "<group>"; };
		1771B7CB238C97A100C530BF /* Assets.xcassets */ = {isa = PBXFileReference; lastKnownFileType = folder.assetcatalog; path = Assets.xcassets; sourceTree = "<group>"; };
		1771B7CE238C97A100C530BF /* Base */ = {isa = PBXFileReference; lastKnownFileType = file.storyboard; name = Base; path = Base.lproj/LaunchScreen.storyboard; sourceTree = "<group>"; };
		1771B7D0238C97A100C530BF /* Info.plist */ = {isa = PBXFileReference; lastKnownFileType = text.plist.xml; path = Info.plist; sourceTree = "<group>"; };
		1771B7D6238C9A7A00C530BF /* ViewControllerScreen.swift */ = {isa = PBXFileReference; lastKnownFileType = sourcecode.swift; path = ViewControllerScreen.swift; sourceTree = "<group>"; };
		1771B7D8238CA07D00C530BF /* CodeView.swift */ = {isa = PBXFileReference; lastKnownFileType = sourcecode.swift; path = CodeView.swift; sourceTree = "<group>"; };
		1771B7DB238CA60700C530BF /* SnapKit.framework */ = {isa = PBXFileReference; lastKnownFileType = wrapper.framework; name = SnapKit.framework; path = Carthage/Build/iOS/SnapKit.framework; sourceTree = "<group>"; };
		1797028E238D45710098A8CE /* Nimble_Snapshots.framework */ = {isa = PBXFileReference; lastKnownFileType = wrapper.framework; name = Nimble_Snapshots.framework; path = Carthage/Build/iOS/Nimble_Snapshots.framework; sourceTree = "<group>"; };
		1797028F238D45710098A8CE /* FBSnapshotTestCase.framework */ = {isa = PBXFileReference; lastKnownFileType = wrapper.framework; name = FBSnapshotTestCase.framework; path = Carthage/Build/iOS/FBSnapshotTestCase.framework; sourceTree = "<group>"; };
		17970290238D45710098A8CE /* Quick.framework */ = {isa = PBXFileReference; lastKnownFileType = wrapper.framework; name = Quick.framework; path = Carthage/Build/iOS/Quick.framework; sourceTree = "<group>"; };
		17970291238D45720098A8CE /* Nimble.framework */ = {isa = PBXFileReference; lastKnownFileType = wrapper.framework; name = Nimble.framework; path = Carthage/Build/iOS/Nimble.framework; sourceTree = "<group>"; };
		179702A0238D46B00098A8CE /* learn-viewcodeTests.xctest */ = {isa = PBXFileReference; explicitFileType = wrapper.cfbundle; includeInIndex = 0; path = "learn-viewcodeTests.xctest"; sourceTree = BUILT_PRODUCTS_DIR; };
		179702A2238D46B00098A8CE /* learn_viewcodeTests.swift */ = {isa = PBXFileReference; lastKnownFileType = sourcecode.swift; path = learn_viewcodeTests.swift; sourceTree = "<group>"; };
		179702A4238D46B00098A8CE /* Info.plist */ = {isa = PBXFileReference; lastKnownFileType = text.plist.xml; path = Info.plist; sourceTree = "<group>"; };
		179702AF238D47E40098A8CE /* GridBoxView.swift */ = {isa = PBXFileReference; lastKnownFileType = sourcecode.swift; path = GridBoxView.swift; sourceTree = "<group>"; };
		179702B1238D48AA0098A8CE /* GridBoxViewSpec.swift */ = {isa = PBXFileReference; lastKnownFileType = sourcecode.swift; path = GridBoxViewSpec.swift; sourceTree = "<group>"; };
		179702B4238D4BFF0098A8CE /* ViewControllerScreenSpec.swift */ = {isa = PBXFileReference; lastKnownFileType = sourcecode.swift; path = ViewControllerScreenSpec.swift; sourceTree = "<group>"; };
/* End PBXFileReference section */

/* Begin PBXFrameworksBuildPhase section */
		1771B7BC238C979F00C530BF /* Frameworks */ = {
			isa = PBXFrameworksBuildPhase;
			buildActionMask = 2147483647;
			files = (
				1771B7DC238CA60700C530BF /* SnapKit.framework in Frameworks */,
			);
			runOnlyForDeploymentPostprocessing = 0;
		};
		1797029D238D46B00098A8CE /* Frameworks */ = {
			isa = PBXFrameworksBuildPhase;
			buildActionMask = 2147483647;
			files = (
				179702AE238D47A20098A8CE /* Quick.framework in Frameworks */,
				179702AD238D47A20098A8CE /* Nimble.framework in Frameworks */,
				179702AB238D47A20098A8CE /* FBSnapshotTestCase.framework in Frameworks */,
				179702AC238D47A20098A8CE /* Nimble_Snapshots.framework in Frameworks */,
			);
			runOnlyForDeploymentPostprocessing = 0;
		};
/* End PBXFrameworksBuildPhase section */

/* Begin PBXGroup section */
		1771B7B6238C979F00C530BF = {
			isa = PBXGroup;
			children = (
				1771B7C1238C979F00C530BF /* learn-viewcode */,
				179702A1238D46B00098A8CE /* learn-viewcodeTests */,
				1771B7C0238C979F00C530BF /* Products */,
				1771B7DA238CA60700C530BF /* Frameworks */,
			);
			sourceTree = "<group>";
		};
		1771B7C0238C979F00C530BF /* Products */ = {
			isa = PBXGroup;
			children = (
				1771B7BF238C979F00C530BF /* learn-viewcode.app */,
				179702A0238D46B00098A8CE /* learn-viewcodeTests.xctest */,
			);
			name = Products;
			sourceTree = "<group>";
		};
		1771B7C1238C979F00C530BF /* learn-viewcode */ = {
			isa = PBXGroup;
			children = (
				1771B7C2238C979F00C530BF /* AppDelegate.swift */,
				1771B7C4238C979F00C530BF /* SceneDelegate.swift */,
				1771B7C6238C979F00C530BF /* ViewController.swift */,
				1771B7D6238C9A7A00C530BF /* ViewControllerScreen.swift */,
				1771B7D8238CA07D00C530BF /* CodeView.swift */,
				179702AF238D47E40098A8CE /* GridBoxView.swift */,
				1771B7CB238C97A100C530BF /* Assets.xcassets */,
				1771B7CD238C97A100C530BF /* LaunchScreen.storyboard */,
				1771B7D0238C97A100C530BF /* Info.plist */,
			);
			path = "learn-viewcode";
			sourceTree = "<group>";
		};
		1771B7DA238CA60700C530BF /* Frameworks */ = {
			isa = PBXGroup;
			children = (
				1797028F238D45710098A8CE /* FBSnapshotTestCase.framework */,
				1797028E238D45710098A8CE /* Nimble_Snapshots.framework */,
				17970291238D45720098A8CE /* Nimble.framework */,
				17970290238D45710098A8CE /* Quick.framework */,
				1771B7DB238CA60700C530BF /* SnapKit.framework */,
			);
			name = Frameworks;
			sourceTree = "<group>";
		};
		179702A1238D46B00098A8CE /* learn-viewcodeTests */ = {
			isa = PBXGroup;
			children = (
				179702A2238D46B00098A8CE /* learn_viewcodeTests.swift */,
				179702B1238D48AA0098A8CE /* GridBoxViewSpec.swift */,
				179702B4238D4BFF0098A8CE /* ViewControllerScreenSpec.swift */,
				179702A4238D46B00098A8CE /* Info.plist */,
			);
			path = "learn-viewcodeTests";
			sourceTree = "<group>";
		};
/* End PBXGroup section */

/* Begin PBXNativeTarget section */
		1771B7BE238C979F00C530BF /* learn-viewcode */ = {
			isa = PBXNativeTarget;
			buildConfigurationList = 1771B7D3238C97A100C530BF /* Build configuration list for PBXNativeTarget "learn-viewcode" */;
			buildPhases = (
				1771B7BB238C979F00C530BF /* Sources */,
				1771B7BC238C979F00C530BF /* Frameworks */,
				1771B7BD238C979F00C530BF /* Resources */,
				1771B7DE238CA60700C530BF /* Embed Frameworks */,
				1771B7DF238CA63C00C530BF /* ShellScript */,
			);
			buildRules = (
			);
			dependencies = (
			);
			name = "learn-viewcode";
			productName = "learn-viewcode";
			productReference = 1771B7BF238C979F00C530BF /* learn-viewcode.app */;
			productType = "com.apple.product-type.application";
		};
		1797029F238D46B00098A8CE /* learn-viewcodeTests */ = {
			isa = PBXNativeTarget;
			buildConfigurationList = 179702A7238D46B00098A8CE /* Build configuration list for PBXNativeTarget "learn-viewcodeTests" */;
			buildPhases = (
				1797029C238D46B00098A8CE /* Sources */,
				1797029D238D46B00098A8CE /* Frameworks */,
				1797029E238D46B00098A8CE /* Resources */,
				179702AA238D46CA0098A8CE /* ShellScript */,
			);
			buildRules = (
			);
			dependencies = (
				179702A6238D46B00098A8CE /* PBXTargetDependency */,
			);
			name = "learn-viewcodeTests";
			productName = "learn-viewcodeTests";
			productReference = 179702A0238D46B00098A8CE /* learn-viewcodeTests.xctest */;
			productType = "com.apple.product-type.bundle.unit-test";
		};
/* End PBXNativeTarget section */

/* Begin PBXProject section */
		1771B7B7238C979F00C530BF /* Project object */ = {
			isa = PBXProject;
			attributes = {
				LastSwiftUpdateCheck = 1120;
				LastUpgradeCheck = 1120;
				ORGANIZATIONNAME = jacquelinealves;
				TargetAttributes = {
					1771B7BE238C979F00C530BF = {
						CreatedOnToolsVersion = 11.2.1;
					};
					1797029F238D46B00098A8CE = {
						CreatedOnToolsVersion = 11.2.1;
						TestTargetID = 1771B7BE238C979F00C530BF;
					};
				};
			};
			buildConfigurationList = 1771B7BA238C979F00C530BF /* Build configuration list for PBXProject "learn-viewcode" */;
			compatibilityVersion = "Xcode 9.3";
			developmentRegion = en;
			hasScannedForEncodings = 0;
			knownRegions = (
				en,
				Base,
			);
			mainGroup = 1771B7B6238C979F00C530BF;
			productRefGroup = 1771B7C0238C979F00C530BF /* Products */;
			projectDirPath = "";
			projectRoot = "";
			targets = (
				1771B7BE238C979F00C530BF /* learn-viewcode */,
				1797029F238D46B00098A8CE /* learn-viewcodeTests */,
			);
		};
/* End PBXProject section */

/* Begin PBXResourcesBuildPhase section */
		1771B7BD238C979F00C530BF /* Resources */ = {
			isa = PBXResourcesBuildPhase;
			buildActionMask = 2147483647;
			files = (
				1771B7CF238C97A100C530BF /* LaunchScreen.storyboard in Resources */,
				1771B7CC238C97A100C530BF /* Assets.xcassets in Resources */,
			);
			runOnlyForDeploymentPostprocessing = 0;
		};
		1797029E238D46B00098A8CE /* Resources */ = {
			isa = PBXResourcesBuildPhase;
			buildActionMask = 2147483647;
			files = (
			);
			runOnlyForDeploymentPostprocessing = 0;
		};
/* End PBXResourcesBuildPhase section */

/* Begin PBXShellScriptBuildPhase section */
		1771B7DF238CA63C00C530BF /* ShellScript */ = {
			isa = PBXShellScriptBuildPhase;
			buildActionMask = 2147483647;
			files = (
			);
			inputFileListPaths = (
			);
			inputPaths = (
				"$(SRCROOT)/Carthage/Build/iOS/SnapKit.framework",
			);
			outputFileListPaths = (
			);
			outputPaths = (
			);
			runOnlyForDeploymentPostprocessing = 0;
			shellPath = /bin/sh;
			shellScript = "/usr/local/bin/carthage copy-frameworks\n";
		};
		179702AA238D46CA0098A8CE /* ShellScript */ = {
			isa = PBXShellScriptBuildPhase;
			buildActionMask = 2147483647;
			files = (
			);
			inputFileListPaths = (
			);
			inputPaths = (
				"$(SRCROOT)/Carthage/Build/iOS/SnapKit.framework",
				"$(SRCROOT)/Carthage/Build/iOS/Nimble_Snapshots.framework",
				"$(SRCROOT)/Carthage/Build/iOS/FBSnapshotTestCase.framework",
				"$(SRCROOT)/Carthage/Build/iOS/Nimble.framework",
				"$(SRCROOT)/Carthage/Build/iOS/Quick.framework",
			);
			outputFileListPaths = (
			);
			outputPaths = (
			);
			runOnlyForDeploymentPostprocessing = 0;
			shellPath = /bin/sh;
			shellScript = "/usr/local/bin/carthage copy-frameworks\n";
		};
/* End PBXShellScriptBuildPhase section */

/* Begin PBXSourcesBuildPhase section */
		1771B7BB238C979F00C530BF /* Sources */ = {
			isa = PBXSourcesBuildPhase;
			buildActionMask = 2147483647;
			files = (
				179702B0238D47E40098A8CE /* GridBoxView.swift in Sources */,
				1771B7D7238C9A7A00C530BF /* ViewControllerScreen.swift in Sources */,
				1771B7C7238C979F00C530BF /* ViewController.swift in Sources */,
				1771B7C3238C979F00C530BF /* AppDelegate.swift in Sources */,
				1771B7D9238CA07D00C530BF /* CodeView.swift in Sources */,
				1771B7C5238C979F00C530BF /* SceneDelegate.swift in Sources */,
			);
			runOnlyForDeploymentPostprocessing = 0;
		};
		1797029C238D46B00098A8CE /* Sources */ = {
			isa = PBXSourcesBuildPhase;
			buildActionMask = 2147483647;
			files = (
				179702A3238D46B00098A8CE /* learn_viewcodeTests.swift in Sources */,
				179702B5238D4BFF0098A8CE /* ViewControllerScreenSpec.swift in Sources */,
				179702B2238D48AA0098A8CE /* GridBoxViewSpec.swift in Sources */,
			);
			runOnlyForDeploymentPostprocessing = 0;
		};
/* End PBXSourcesBuildPhase section */

/* Begin PBXTargetDependency section */
		179702A6238D46B00098A8CE /* PBXTargetDependency */ = {
			isa = PBXTargetDependency;
			target = 1771B7BE238C979F00C530BF /* learn-viewcode */;
			targetProxy = 179702A5238D46B00098A8CE /* PBXContainerItemProxy */;
		};
/* End PBXTargetDependency section */

/* Begin PBXVariantGroup section */
		1771B7CD238C97A100C530BF /* LaunchScreen.storyboard */ = {
			isa = PBXVariantGroup;
			children = (
				1771B7CE238C97A100C530BF /* Base */,
			);
			name = LaunchScreen.storyboard;
			sourceTree = "<group>";
		};
/* End PBXVariantGroup section */

/* Begin XCBuildConfiguration section */
		1771B7D1238C97A100C530BF /* Debug */ = {
			isa = XCBuildConfiguration;
			buildSettings = {
				ALWAYS_SEARCH_USER_PATHS = NO;
				CLANG_ANALYZER_NONNULL = YES;
				CLANG_ANALYZER_NUMBER_OBJECT_CONVERSION = YES_AGGRESSIVE;
				CLANG_CXX_LANGUAGE_STANDARD = "gnu++14";
				CLANG_CXX_LIBRARY = "libc++";
				CLANG_ENABLE_MODULES = YES;
				CLANG_ENABLE_OBJC_ARC = YES;
				CLANG_ENABLE_OBJC_WEAK = YES;
				CLANG_WARN_BLOCK_CAPTURE_AUTORELEASING = YES;
				CLANG_WARN_BOOL_CONVERSION = YES;
				CLANG_WARN_COMMA = YES;
				CLANG_WARN_CONSTANT_CONVERSION = YES;
				CLANG_WARN_DEPRECATED_OBJC_IMPLEMENTATIONS = YES;
				CLANG_WARN_DIRECT_OBJC_ISA_USAGE = YES_ERROR;
				CLANG_WARN_DOCUMENTATION_COMMENTS = YES;
				CLANG_WARN_EMPTY_BODY = YES;
				CLANG_WARN_ENUM_CONVERSION = YES;
				CLANG_WARN_INFINITE_RECURSION = YES;
				CLANG_WARN_INT_CONVERSION = YES;
				CLANG_WARN_NON_LITERAL_NULL_CONVERSION = YES;
				CLANG_WARN_OBJC_IMPLICIT_RETAIN_SELF = YES;
				CLANG_WARN_OBJC_LITERAL_CONVERSION = YES;
				CLANG_WARN_OBJC_ROOT_CLASS = YES_ERROR;
				CLANG_WARN_RANGE_LOOP_ANALYSIS = YES;
				CLANG_WARN_STRICT_PROTOTYPES = YES;
				CLANG_WARN_SUSPICIOUS_MOVE = YES;
				CLANG_WARN_UNGUARDED_AVAILABILITY = YES_AGGRESSIVE;
				CLANG_WARN_UNREACHABLE_CODE = YES;
				CLANG_WARN__DUPLICATE_METHOD_MATCH = YES;
				COPY_PHASE_STRIP = NO;
				DEBUG_INFORMATION_FORMAT = dwarf;
				ENABLE_STRICT_OBJC_MSGSEND = YES;
				ENABLE_TESTABILITY = YES;
				GCC_C_LANGUAGE_STANDARD = gnu11;
				GCC_DYNAMIC_NO_PIC = NO;
				GCC_NO_COMMON_BLOCKS = YES;
				GCC_OPTIMIZATION_LEVEL = 0;
				GCC_PREPROCESSOR_DEFINITIONS = (
					"DEBUG=1",
					"$(inherited)",
				);
				GCC_WARN_64_TO_32_BIT_CONVERSION = YES;
				GCC_WARN_ABOUT_RETURN_TYPE = YES_ERROR;
				GCC_WARN_UNDECLARED_SELECTOR = YES;
				GCC_WARN_UNINITIALIZED_AUTOS = YES_AGGRESSIVE;
				GCC_WARN_UNUSED_FUNCTION = YES;
				GCC_WARN_UNUSED_VARIABLE = YES;
				IPHONEOS_DEPLOYMENT_TARGET = 13.2;
				MTL_ENABLE_DEBUG_INFO = INCLUDE_SOURCE;
				MTL_FAST_MATH = YES;
				ONLY_ACTIVE_ARCH = YES;
				SDKROOT = iphoneos;
				SWIFT_ACTIVE_COMPILATION_CONDITIONS = DEBUG;
				SWIFT_OPTIMIZATION_LEVEL = "-Onone";
			};
			name = Debug;
		};
		1771B7D2238C97A100C530BF /* Release */ = {
			isa = XCBuildConfiguration;
			buildSettings = {
				ALWAYS_SEARCH_USER_PATHS = NO;
				CLANG_ANALYZER_NONNULL = YES;
				CLANG_ANALYZER_NUMBER_OBJECT_CONVERSION = YES_AGGRESSIVE;
				CLANG_CXX_LANGUAGE_STANDARD = "gnu++14";
				CLANG_CXX_LIBRARY = "libc++";
				CLANG_ENABLE_MODULES = YES;
				CLANG_ENABLE_OBJC_ARC = YES;
				CLANG_ENABLE_OBJC_WEAK = YES;
				CLANG_WARN_BLOCK_CAPTURE_AUTORELEASING = YES;
				CLANG_WARN_BOOL_CONVERSION = YES;
				CLANG_WARN_COMMA = YES;
				CLANG_WARN_CONSTANT_CONVERSION = YES;
				CLANG_WARN_DEPRECATED_OBJC_IMPLEMENTATIONS = YES;
				CLANG_WARN_DIRECT_OBJC_ISA_USAGE = YES_ERROR;
				CLANG_WARN_DOCUMENTATION_COMMENTS = YES;
				CLANG_WARN_EMPTY_BODY = YES;
				CLANG_WARN_ENUM_CONVERSION = YES;
				CLANG_WARN_INFINITE_RECURSION = YES;
				CLANG_WARN_INT_CONVERSION = YES;
				CLANG_WARN_NON_LITERAL_NULL_CONVERSION = YES;
				CLANG_WARN_OBJC_IMPLICIT_RETAIN_SELF = YES;
				CLANG_WARN_OBJC_LITERAL_CONVERSION = YES;
				CLANG_WARN_OBJC_ROOT_CLASS = YES_ERROR;
				CLANG_WARN_RANGE_LOOP_ANALYSIS = YES;
				CLANG_WARN_STRICT_PROTOTYPES = YES;
				CLANG_WARN_SUSPICIOUS_MOVE = YES;
				CLANG_WARN_UNGUARDED_AVAILABILITY = YES_AGGRESSIVE;
				CLANG_WARN_UNREACHABLE_CODE = YES;
				CLANG_WARN__DUPLICATE_METHOD_MATCH = YES;
				COPY_PHASE_STRIP = NO;
				DEBUG_INFORMATION_FORMAT = "dwarf-with-dsym";
				ENABLE_NS_ASSERTIONS = NO;
				ENABLE_STRICT_OBJC_MSGSEND = YES;
				GCC_C_LANGUAGE_STANDARD = gnu11;
				GCC_NO_COMMON_BLOCKS = YES;
				GCC_WARN_64_TO_32_BIT_CONVERSION = YES;
				GCC_WARN_ABOUT_RETURN_TYPE = YES_ERROR;
				GCC_WARN_UNDECLARED_SELECTOR = YES;
				GCC_WARN_UNINITIALIZED_AUTOS = YES_AGGRESSIVE;
				GCC_WARN_UNUSED_FUNCTION = YES;
				GCC_WARN_UNUSED_VARIABLE = YES;
				IPHONEOS_DEPLOYMENT_TARGET = 13.2;
				MTL_ENABLE_DEBUG_INFO = NO;
				MTL_FAST_MATH = YES;
				SDKROOT = iphoneos;
				SWIFT_COMPILATION_MODE = wholemodule;
				SWIFT_OPTIMIZATION_LEVEL = "-O";
				VALIDATE_PRODUCT = YES;
			};
			name = Release;
		};
		1771B7D4238C97A100C530BF /* Debug */ = {
			isa = XCBuildConfiguration;
			buildSettings = {
				ASSETCATALOG_COMPILER_APPICON_NAME = AppIcon;
				CODE_SIGN_STYLE = Automatic;
				DEVELOPMENT_ASSET_PATHS = "";
				DEVELOPMENT_TEAM = 9554U789HP;
				FRAMEWORK_SEARCH_PATHS = (
					"$(inherited)",
					"$(PROJECT_DIR)/Carthage/Build/iOS",
				);
				INFOPLIST_FILE = "learn-viewcode/Info.plist";
				LD_RUNPATH_SEARCH_PATHS = (
					"$(inherited)",
					"@executable_path/Frameworks",
				);
				PRODUCT_BUNDLE_IDENTIFIER = "jacquelinealves.learn-viewcode";
				PRODUCT_NAME = "$(TARGET_NAME)";
				SWIFT_VERSION = 5.0;
				TARGETED_DEVICE_FAMILY = "1,2";
			};
			name = Debug;
		};
		1771B7D5238C97A100C530BF /* Release */ = {
			isa = XCBuildConfiguration;
			buildSettings = {
				ASSETCATALOG_COMPILER_APPICON_NAME = AppIcon;
				CODE_SIGN_STYLE = Automatic;
				DEVELOPMENT_ASSET_PATHS = "";
				DEVELOPMENT_TEAM = 9554U789HP;
				FRAMEWORK_SEARCH_PATHS = (
					"$(inherited)",
					"$(PROJECT_DIR)/Carthage/Build/iOS",
				);
				INFOPLIST_FILE = "learn-viewcode/Info.plist";
				LD_RUNPATH_SEARCH_PATHS = (
					"$(inherited)",
					"@executable_path/Frameworks",
				);
				PRODUCT_BUNDLE_IDENTIFIER = "jacquelinealves.learn-viewcode";
				PRODUCT_NAME = "$(TARGET_NAME)";
				SWIFT_VERSION = 5.0;
				TARGETED_DEVICE_FAMILY = "1,2";
			};
			name = Release;
		};
		179702A8238D46B00098A8CE /* Debug */ = {
			isa = XCBuildConfiguration;
			buildSettings = {
				BUNDLE_LOADER = "$(TEST_HOST)";
				CODE_SIGN_STYLE = Automatic;
				DEVELOPMENT_TEAM = 9554U789HP;
				FRAMEWORK_SEARCH_PATHS = (
					"$(inherited)",
					"$(PROJECT_DIR)/Carthage/Build/iOS",
				);
				INFOPLIST_FILE = "learn-viewcodeTests/Info.plist";
				LD_RUNPATH_SEARCH_PATHS = (
					"$(inherited)",
					"@executable_path/Frameworks",
					"@loader_path/Frameworks",
				);
				PRODUCT_BUNDLE_IDENTIFIER = "jacquelinealves.learn-viewcodeTests";
				PRODUCT_NAME = "$(TARGET_NAME)";
				SWIFT_VERSION = 5.0;
				TARGETED_DEVICE_FAMILY = "1,2";
				TEST_HOST = "$(BUILT_PRODUCTS_DIR)/learn-viewcode.app/learn-viewcode";
			};
			name = Debug;
		};
		179702A9238D46B00098A8CE /* Release */ = {
			isa = XCBuildConfiguration;
			buildSettings = {
				BUNDLE_LOADER = "$(TEST_HOST)";
				CODE_SIGN_STYLE = Automatic;
				DEVELOPMENT_TEAM = 9554U789HP;
				FRAMEWORK_SEARCH_PATHS = (
					"$(inherited)",
					"$(PROJECT_DIR)/Carthage/Build/iOS",
				);
				INFOPLIST_FILE = "learn-viewcodeTests/Info.plist";
				LD_RUNPATH_SEARCH_PATHS = (
					"$(inherited)",
					"@executable_path/Frameworks",
					"@loader_path/Frameworks",
				);
				PRODUCT_BUNDLE_IDENTIFIER = "jacquelinealves.learn-viewcodeTests";
				PRODUCT_NAME = "$(TARGET_NAME)";
				SWIFT_VERSION = 5.0;
				TARGETED_DEVICE_FAMILY = "1,2";
				TEST_HOST = "$(BUILT_PRODUCTS_DIR)/learn-viewcode.app/learn-viewcode";
			};
			name = Release;
		};
/* End XCBuildConfiguration section */

/* Begin XCConfigurationList section */
		1771B7BA238C979F00C530BF /* Build configuration list for PBXProject "learn-viewcode" */ = {
			isa = XCConfigurationList;
			buildConfigurations = (
				1771B7D1238C97A100C530BF /* Debug */,
				1771B7D2238C97A100C530BF /* Release */,
			);
			defaultConfigurationIsVisible = 0;
			defaultConfigurationName = Release;
		};
		1771B7D3238C97A100C530BF /* Build configuration list for PBXNativeTarget "learn-viewcode" */ = {
			isa = XCConfigurationList;
			buildConfigurations = (
				1771B7D4238C97A100C530BF /* Debug */,
				1771B7D5238C97A100C530BF /* Release */,
			);
			defaultConfigurationIsVisible = 0;
			defaultConfigurationName = Release;
		};
		179702A7238D46B00098A8CE /* Build configuration list for PBXNativeTarget "learn-viewcodeTests" */ = {
			isa = XCConfigurationList;
			buildConfigurations = (
				179702A8238D46B00098A8CE /* Debug */,
				179702A9238D46B00098A8CE /* Release */,
			);
			defaultConfigurationIsVisible = 0;
			defaultConfigurationName = Release;
		};
/* End XCConfigurationList section */
	};
	rootObject = 1771B7B7238C979F00C530BF /* Project object */;
}
